
Microsoft Visual Studio Solution File, Format Version 12.00
# Visual Studio Version 16
VisualStudioVersion = 16.0.30517.126
MinimumVisualStudioVersion = 10.0.40219.1
Project("{FAE04EC0-301F-11D3-BF4B-00C04F79EFBC}") = "QuickDelivery", "QuickDelivery\QuickDelivery.csproj", "{AFD3351D-8732-471F-B248-47D0099FC533}"
EndProject
Global
	GlobalSection(SolutionConfigurationPlatforms) = preSolution
		Debug|Any CPU = Debug|Any CPU
		Release|Any CPU = Release|Any CPU
	EndGlobalSection
	GlobalSection(ProjectConfigurationPlatforms) = postSolution
		{AFD3351D-8732-471F-B248-47D0099FC533}.Debug|Any CPU.ActiveCfg = Debug|Any CPU
		{AFD3351D-8732-471F-B248-47D0099FC533}.Debug|Any CPU.Build.0 = Debug|Any CPU
		{AFD3351D-8732-471F-B248-47D0099FC533}.Release|Any CPU.ActiveCfg = Release|Any CPU
		{AFD3351D-8732-471F-B248-47D0099FC533}.Release|Any CPU.Build.0 = Release|Any CPU
	EndGlobalSection
	GlobalSection(SolutionProperties) = preSolution
		HideSolutionNode = FALSE
	EndGlobalSection
	GlobalSection(ExtensibilityGlobals) = postSolution
		SolutionGuid = {1E0DF90D-0FD0-4B7E-924B-E97CA60EACCB}
	EndGlobalSection
EndGlobal
